// !$*UTF8*$!
{
	archiveVersion = 1;
	classes = {
	};
	objectVersion = 50;
	objects = {

/* Begin PBXBuildFile section */
		0FC3F45520DD53F700D14EAA /* AppDelegate.swift in Sources */ = {isa = PBXBuildFile; fileRef = 0FC3F45420DD53F700D14EAA /* AppDelegate.swift */; };
		0FC3F45720DD53F700D14EAA /* ViewController.swift in Sources */ = {isa = PBXBuildFile; fileRef = 0FC3F45620DD53F700D14EAA /* ViewController.swift */; };
		0FC3F45A20DD53F800D14EAA /* Main.storyboard in Resources */ = {isa = PBXBuildFile; fileRef = 0FC3F45820DD53F800D14EAA /* Main.storyboard */; };
		0FC3F45C20DD53F900D14EAA /* Assets.xcassets in Resources */ = {isa = PBXBuildFile; fileRef = 0FC3F45B20DD53F900D14EAA /* Assets.xcassets */; };
		0FC3F45F20DD53F900D14EAA /* LaunchScreen.storyboard in Resources */ = {isa = PBXBuildFile; fileRef = 0FC3F45D20DD53F900D14EAA /* LaunchScreen.storyboard */; };
		0FC3F46A20DD53F900D14EAA /* DemoTests.swift in Sources */ = {isa = PBXBuildFile; fileRef = 0FC3F46920DD53F900D14EAA /* DemoTests.swift */; };
		0FC3F47520DD561900D14EAA /* example_5s0_hand_model.mlmodel in Sources */ = {isa = PBXBuildFile; fileRef = 0FC3F47420DD561900D14EAA /* example_5s0_hand_model.mlmodel */; };
		CCBA1B42A9315D3A392B672E /* Pods_Demo.framework in Frameworks */ = {isa = PBXBuildFile; fileRef = BFE18212B2FE7D9FBF4F68F6 /* Pods_Demo.framework */; };
/* End PBXBuildFile section */

/* Begin PBXContainerItemProxy section */
		0FC3F46620DD53F900D14EAA /* PBXContainerItemProxy */ = {
			isa = PBXContainerItemProxy;
			containerPortal = 0FC3F44920DD53F700D14EAA /* Project object */;
			proxyType = 1;
			remoteGlobalIDString = 0FC3F45020DD53F700D14EAA;
			remoteInfo = Demo;
		};
/* End PBXContainerItemProxy section */

/* Begin PBXFileReference section */
		0FC3F45120DD53F700D14EAA /* Demo.app */ = {isa = PBXFileReference; explicitFileType = wrapper.application; includeInIndex = 0; path = Demo.app; sourceTree = BUILT_PRODUCTS_DIR; };
		0FC3F45420DD53F700D14EAA /* AppDelegate.swift */ = {isa = PBXFileReference; lastKnownFileType = sourcecode.swift; path = AppDelegate.swift; sourceTree = "<group>"; };
		0FC3F45620DD53F700D14EAA /* ViewController.swift */ = {isa = PBXFileReference; lastKnownFileType = sourcecode.swift; path = ViewController.swift; sourceTree = "<group>"; };
		0FC3F45920DD53F800D14EAA /* Base */ = {isa = PBXFileReference; lastKnownFileType = file.storyboard; name = Base; path = Base.lproj/Main.storyboard; sourceTree = "<group>"; };
		0FC3F45B20DD53F900D14EAA /* Assets.xcassets */ = {isa = PBXFileReference; lastKnownFileType = folder.assetcatalog; path = Assets.xcassets; sourceTree = "<group>"; };
		0FC3F45E20DD53F900D14EAA /* Base */ = {isa = PBXFileReference; lastKnownFileType = file.storyboard; name = Base; path = Base.lproj/LaunchScreen.storyboard; sourceTree = "<group>"; };
		0FC3F46020DD53F900D14EAA /* Info.plist */ = {isa = PBXFileReference; lastKnownFileType = text.plist.xml; path = Info.plist; sourceTree = "<group>"; };
		0FC3F46520DD53F900D14EAA /* DemoTests.xctest */ = {isa = PBXFileReference; explicitFileType = wrapper.cfbundle; includeInIndex = 0; path = DemoTests.xctest; sourceTree = BUILT_PRODUCTS_DIR; };
		0FC3F46920DD53F900D14EAA /* DemoTests.swift */ = {isa = PBXFileReference; lastKnownFileType = sourcecode.swift; path = DemoTests.swift; sourceTree = "<group>"; };
		0FC3F46B20DD53F900D14EAA /* Info.plist */ = {isa = PBXFileReference; lastKnownFileType = text.plist.xml; path = Info.plist; sourceTree = "<group>"; };
		0FC3F47420DD561900D14EAA /* example_5s0_hand_model.mlmodel */ = {isa = PBXFileReference; lastKnownFileType = file.mlmodel; path = example_5s0_hand_model.mlmodel; sourceTree = "<group>"; };
		3E28F9E349AB7F4B6369174A /* Pods-Demo.release.xcconfig */ = {isa = PBXFileReference; includeInIndex = 1; lastKnownFileType = text.xcconfig; name = "Pods-Demo.release.xcconfig"; path = "Pods/Target Support Files/Pods-Demo/Pods-Demo.release.xcconfig"; sourceTree = "<group>"; };
		BFE18212B2FE7D9FBF4F68F6 /* Pods_Demo.framework */ = {isa = PBXFileReference; explicitFileType = wrapper.framework; includeInIndex = 0; path = Pods_Demo.framework; sourceTree = BUILT_PRODUCTS_DIR; };
		E5B5EB66C9B198C202FF3F89 /* Pods-Demo.debug.xcconfig */ = {isa = PBXFileReference; includeInIndex = 1; lastKnownFileType = text.xcconfig; name = "Pods-Demo.debug.xcconfig"; path = "Pods/Target Support Files/Pods-Demo/Pods-Demo.debug.xcconfig"; sourceTree = "<group>"; };
/* End PBXFileReference section */

/* Begin PBXFrameworksBuildPhase section */
		0FC3F44E20DD53F700D14EAA /* Frameworks */ = {
			isa = PBXFrameworksBuildPhase;
			buildActionMask = 2147483647;
			files = (
				CCBA1B42A9315D3A392B672E /* Pods_Demo.framework in Frameworks */,
			);
			runOnlyForDeploymentPostprocessing = 0;
		};
		0FC3F46220DD53F900D14EAA /* Frameworks */ = {
			isa = PBXFrameworksBuildPhase;
			buildActionMask = 2147483647;
			files = (
			);
			runOnlyForDeploymentPostprocessing = 0;
		};
/* End PBXFrameworksBuildPhase section */

/* Begin PBXGroup section */
		0FC3F44820DD53F700D14EAA = {
			isa = PBXGroup;
			children = (
				0FC3F45320DD53F700D14EAA /* Demo */,
				0FC3F46820DD53F900D14EAA /* DemoTests */,
				0FC3F45220DD53F700D14EAA /* Products */,
				D52C4C4B2884E7E743CDBC68 /* Pods */,
				2C8215CA23456E6E65766E5F /* Frameworks */,
			);
			sourceTree = "<group>";
		};
		0FC3F45220DD53F700D14EAA /* Products */ = {
			isa = PBXGroup;
			children = (
				0FC3F45120DD53F700D14EAA /* Demo.app */,
				0FC3F46520DD53F900D14EAA /* DemoTests.xctest */,
			);
			name = Products;
			sourceTree = "<group>";
		};
		0FC3F45320DD53F700D14EAA /* Demo */ = {
			isa = PBXGroup;
			children = (
				0FC3F47420DD561900D14EAA /* example_5s0_hand_model.mlmodel */,
				0FC3F45420DD53F700D14EAA /* AppDelegate.swift */,
				0FC3F45620DD53F700D14EAA /* ViewController.swift */,
				0FC3F45820DD53F800D14EAA /* Main.storyboard */,
				0FC3F45B20DD53F900D14EAA /* Assets.xcassets */,
				0FC3F45D20DD53F900D14EAA /* LaunchScreen.storyboard */,
				0FC3F46020DD53F900D14EAA /* Info.plist */,
			);
			path = Demo;
			sourceTree = "<group>";
		};
		0FC3F46820DD53F900D14EAA /* DemoTests */ = {
			isa = PBXGroup;
			children = (
				0FC3F46920DD53F900D14EAA /* DemoTests.swift */,
				0FC3F46B20DD53F900D14EAA /* Info.plist */,
			);
			path = DemoTests;
			sourceTree = "<group>";
		};
		2C8215CA23456E6E65766E5F /* Frameworks */ = {
			isa = PBXGroup;
			children = (
				BFE18212B2FE7D9FBF4F68F6 /* Pods_Demo.framework */,
			);
			name = Frameworks;
			sourceTree = "<group>";
		};
		D52C4C4B2884E7E743CDBC68 /* Pods */ = {
			isa = PBXGroup;
			children = (
				E5B5EB66C9B198C202FF3F89 /* Pods-Demo.debug.xcconfig */,
				3E28F9E349AB7F4B6369174A /* Pods-Demo.release.xcconfig */,
			);
			name = Pods;
			sourceTree = "<group>";
		};
/* End PBXGroup section */

/* Begin PBXNativeTarget section */
		0FC3F45020DD53F700D14EAA /* Demo */ = {
			isa = PBXNativeTarget;
			buildConfigurationList = 0FC3F46E20DD53F900D14EAA /* Build configuration list for PBXNativeTarget "Demo" */;
			buildPhases = (
				8042F501094AB1DDD660F9AE /* [CP] Check Pods Manifest.lock */,
				0FC3F44D20DD53F700D14EAA /* Sources */,
				0FC3F44E20DD53F700D14EAA /* Frameworks */,
				0FC3F44F20DD53F700D14EAA /* Resources */,
				D81B5E353AB91F03FD58BB06 /* [CP] Embed Pods Frameworks */,
			);
			buildRules = (
			);
			dependencies = (
			);
			name = Demo;
			productName = Demo;
			productReference = 0FC3F45120DD53F700D14EAA /* Demo.app */;
			productType = "com.apple.product-type.application";
		};
		0FC3F46420DD53F900D14EAA /* DemoTests */ = {
			isa = PBXNativeTarget;
			buildConfigurationList = 0FC3F47120DD53F900D14EAA /* Build configuration list for PBXNativeTarget "DemoTests" */;
			buildPhases = (
				0FC3F46120DD53F900D14EAA /* Sources */,
				0FC3F46220DD53F900D14EAA /* Frameworks */,
				0FC3F46320DD53F900D14EAA /* Resources */,
			);
			buildRules = (
			);
			dependencies = (
				0FC3F46720DD53F900D14EAA /* PBXTargetDependency */,
			);
			name = DemoTests;
			productName = DemoTests;
			productReference = 0FC3F46520DD53F900D14EAA /* DemoTests.xctest */;
			productType = "com.apple.product-type.bundle.unit-test";
		};
/* End PBXNativeTarget section */

/* Begin PBXProject section */
		0FC3F44920DD53F700D14EAA /* Project object */ = {
			isa = PBXProject;
			attributes = {
				LastSwiftUpdateCheck = 0940;
				LastUpgradeCheck = 0940;
				ORGANIZATIONNAME = "Lacy Rhoades";
				TargetAttributes = {
					0FC3F45020DD53F700D14EAA = {
						CreatedOnToolsVersion = 9.4;
					};
					0FC3F46420DD53F900D14EAA = {
						CreatedOnToolsVersion = 9.4;
						TestTargetID = 0FC3F45020DD53F700D14EAA;
					};
				};
			};
			buildConfigurationList = 0FC3F44C20DD53F700D14EAA /* Build configuration list for PBXProject "Demo" */;
			compatibilityVersion = "Xcode 9.3";
			developmentRegion = en;
			hasScannedForEncodings = 0;
			knownRegions = (
				en,
				Base,
			);
			mainGroup = 0FC3F44820DD53F700D14EAA;
			productRefGroup = 0FC3F45220DD53F700D14EAA /* Products */;
			projectDirPath = "";
			projectRoot = "";
			targets = (
				0FC3F45020DD53F700D14EAA /* Demo */,
				0FC3F46420DD53F900D14EAA /* DemoTests */,
			);
		};
/* End PBXProject section */

/* Begin PBXResourcesBuildPhase section */
		0FC3F44F20DD53F700D14EAA /* Resources */ = {
			isa = PBXResourcesBuildPhase;
			buildActionMask = 2147483647;
			files = (
				0FC3F45F20DD53F900D14EAA /* LaunchScreen.storyboard in Resources */,
				0FC3F45C20DD53F900D14EAA /* Assets.xcassets in Resources */,
				0FC3F45A20DD53F800D14EAA /* Main.storyboard in Resources */,
			);
			runOnlyForDeploymentPostprocessing = 0;
		};
		0FC3F46320DD53F900D14EAA /* Resources */ = {
			isa = PBXResourcesBuildPhase;
			buildActionMask = 2147483647;
			files = (
			);
			runOnlyForDeploymentPostprocessing = 0;
		};
/* End PBXResourcesBuildPhase section */

/* Begin PBXShellScriptBuildPhase section */
		8042F501094AB1DDD660F9AE /* [CP] Check Pods Manifest.lock */ = {
			isa = PBXShellScriptBuildPhase;
			buildActionMask = 2147483647;
			files = (
			);
			inputPaths = (
				"${PODS_PODFILE_DIR_PATH}/Podfile.lock",
				"${PODS_ROOT}/Manifest.lock",
			);
			name = "[CP] Check Pods Manifest.lock";
			outputPaths = (
				"$(DERIVED_FILE_DIR)/Pods-Demo-checkManifestLockResult.txt",
			);
			runOnlyForDeploymentPostprocessing = 0;
			shellPath = /bin/sh;
			shellScript = "diff \"${PODS_PODFILE_DIR_PATH}/Podfile.lock\" \"${PODS_ROOT}/Manifest.lock\" > /dev/null\nif [ $? != 0 ] ; then\n    # print error to STDERR\n    echo \"error: The sandbox is not in sync with the Podfile.lock. Run 'pod install' or update your CocoaPods installation.\" >&2\n    exit 1\nfi\n# This output is used by Xcode 'outputs' to avoid re-running this script phase.\necho \"SUCCESS\" > \"${SCRIPT_OUTPUT_FILE_0}\"\n";
			showEnvVarsInLog = 0;
		};
		D81B5E353AB91F03FD58BB06 /* [CP] Embed Pods Frameworks */ = {
			isa = PBXShellScriptBuildPhase;
			buildActionMask = 2147483647;
			files = (
			);
			inputPaths = (
				"${SRCROOT}/Pods/Target Support Files/Pods-Demo/Pods-Demo-frameworks.sh",
				"${BUILT_PRODUCTS_DIR}/GPUImage/GPUImage.framework",
			);
			name = "[CP] Embed Pods Frameworks";
			outputPaths = (
				"${TARGET_BUILD_DIR}/${FRAMEWORKS_FOLDER_PATH}/GPUImage.framework",
			);
			runOnlyForDeploymentPostprocessing = 0;
			shellPath = /bin/sh;
			shellScript = "\"${SRCROOT}/Pods/Target Support Files/Pods-Demo/Pods-Demo-frameworks.sh\"\n";
			showEnvVarsInLog = 0;
		};
/* End PBXShellScriptBuildPhase section */

/* Begin PBXSourcesBuildPhase section */
		0FC3F44D20DD53F700D14EAA /* Sources */ = {
			isa = PBXSourcesBuildPhase;
			buildActionMask = 2147483647;
			files = (
				0FC3F45720DD53F700D14EAA /* ViewController.swift in Sources */,
				0FC3F45520DD53F700D14EAA /* AppDelegate.swift in Sources */,
				0FC3F47520DD561900D14EAA /* example_5s0_hand_model.mlmodel in Sources */,
			);
			runOnlyForDeploymentPostprocessing = 0;
		};
		0FC3F46120DD53F900D14EAA /* Sources */ = {
			isa = PBXSourcesBuildPhase;
			buildActionMask = 2147483647;
			files = (
				0FC3F46A20DD53F900D14EAA /* DemoTests.swift in Sources */,
			);
			runOnlyForDeploymentPostprocessing = 0;
		};
/* End PBXSourcesBuildPhase section */

/* Begin PBXTargetDependency section */
		0FC3F46720DD53F900D14EAA /* PBXTargetDependency */ = {
			isa = PBXTargetDependency;
			target = 0FC3F45020DD53F700D14EAA /* Demo */;
			targetProxy = 0FC3F46620DD53F900D14EAA /* PBXContainerItemProxy */;
		};
/* End PBXTargetDependency section */

/* Begin PBXVariantGroup section */
		0FC3F45820DD53F800D14EAA /* Main.storyboard */ = {
			isa = PBXVariantGroup;
			children = (
				0FC3F45920DD53F800D14EAA /* Base */,
			);
			name = Main.storyboard;
			sourceTree = "<group>";
		};
		0FC3F45D20DD53F900D14EAA /* LaunchScreen.storyboard */ = {
			isa = PBXVariantGroup;
			children = (
				0FC3F45E20DD53F900D14EAA /* Base */,
			);
			name = LaunchScreen.storyboard;
			sourceTree = "<group>";
		};
/* End PBXVariantGroup section */

/* Begin XCBuildConfiguration section */
		0FC3F46C20DD53F900D14EAA /* Debug */ = {
			isa = XCBuildConfiguration;
			buildSettings = {
				ALWAYS_SEARCH_USER_PATHS = NO;
				CLANG_ANALYZER_NONNULL = YES;
				CLANG_ANALYZER_NUMBER_OBJECT_CONVERSION = YES_AGGRESSIVE;
				CLANG_CXX_LANGUAGE_STANDARD = "gnu++14";
				CLANG_CXX_LIBRARY = "libc++";
				CLANG_ENABLE_MODULES = YES;
				CLANG_ENABLE_OBJC_ARC = YES;
				CLANG_ENABLE_OBJC_WEAK = YES;
				CLANG_WARN_BLOCK_CAPTURE_AUTORELEASING = YES;
				CLANG_WARN_BOOL_CONVERSION = YES;
				CLANG_WARN_COMMA = YES;
				CLANG_WARN_CONSTANT_CONVERSION = YES;
				CLANG_WARN_DEPRECATED_OBJC_IMPLEMENTATIONS = YES;
				CLANG_WARN_DIRECT_OBJC_ISA_USAGE = YES_ERROR;
				CLANG_WARN_DOCUMENTATION_COMMENTS = YES;
				CLANG_WARN_EMPTY_BODY = YES;
				CLANG_WARN_ENUM_CONVERSION = YES;
				CLANG_WARN_INFINITE_RECURSION = YES;
				CLANG_WARN_INT_CONVERSION = YES;
				CLANG_WARN_NON_LITERAL_NULL_CONVERSION = YES;
				CLANG_WARN_OBJC_IMPLICIT_RETAIN_SELF = YES;
				CLANG_WARN_OBJC_LITERAL_CONVERSION = YES;
				CLANG_WARN_OBJC_ROOT_CLASS = YES_ERROR;
				CLANG_WARN_RANGE_LOOP_ANALYSIS = YES;
				CLANG_WARN_STRICT_PROTOTYPES = YES;
				CLANG_WARN_SUSPICIOUS_MOVE = YES;
				CLANG_WARN_UNGUARDED_AVAILABILITY = YES_AGGRESSIVE;
				CLANG_WARN_UNREACHABLE_CODE = YES;
				CLANG_WARN__DUPLICATE_METHOD_MATCH = YES;
				CODE_SIGN_IDENTITY = "iPhone Developer";
				COPY_PHASE_STRIP = NO;
				DEBUG_INFORMATION_FORMAT = dwarf;
				ENABLE_STRICT_OBJC_MSGSEND = YES;
				ENABLE_TESTABILITY = YES;
				GCC_C_LANGUAGE_STANDARD = gnu11;
				GCC_DYNAMIC_NO_PIC = NO;
				GCC_NO_COMMON_BLOCKS = YES;
				GCC_OPTIMIZATION_LEVEL = 0;
				GCC_PREPROCESSOR_DEFINITIONS = (
					"DEBUG=1",
					"$(inherited)",
				);
				GCC_WARN_64_TO_32_BIT_CONVERSION = YES;
				GCC_WARN_ABOUT_RETURN_TYPE = YES_ERROR;
				GCC_WARN_UNDECLARED_SELECTOR = YES;
				GCC_WARN_UNINITIALIZED_AUTOS = YES_AGGRESSIVE;
				GCC_WARN_UNUSED_FUNCTION = YES;
				GCC_WARN_UNUSED_VARIABLE = YES;
				IPHONEOS_DEPLOYMENT_TARGET = 11.4;
				MTL_ENABLE_DEBUG_INFO = YES;
				ONLY_ACTIVE_ARCH = YES;
				SDKROOT = iphoneos;
				SWIFT_ACTIVE_COMPILATION_CONDITIONS = DEBUG;
				SWIFT_OPTIMIZATION_LEVEL = "-Onone";
			};
			name = Debug;
		};
		0FC3F46D20DD53F900D14EAA /* Release */ = {
			isa = XCBuildConfiguration;
			buildSettings = {
				ALWAYS_SEARCH_USER_PATHS = NO;
				CLANG_ANALYZER_NONNULL = YES;
				CLANG_ANALYZER_NUMBER_OBJECT_CONVERSION = YES_AGGRESSIVE;
				CLANG_CXX_LANGUAGE_STANDARD = "gnu++14";
				CLANG_CXX_LIBRARY = "libc++";
				CLANG_ENABLE_MODULES = YES;
				CLANG_ENABLE_OBJC_ARC = YES;
				CLANG_ENABLE_OBJC_WEAK = YES;
				CLANG_WARN_BLOCK_CAPTURE_AUTORELEASING = YES;
				CLANG_WARN_BOOL_CONVERSION = YES;
				CLANG_WARN_COMMA = YES;
				CLANG_WARN_CONSTANT_CONVERSION = YES;
				CLANG_WARN_DEPRECATED_OBJC_IMPLEMENTATIONS = YES;
				CLANG_WARN_DIRECT_OBJC_ISA_USAGE = YES_ERROR;
				CLANG_WARN_DOCUMENTATION_COMMENTS = YES;
				CLANG_WARN_EMPTY_BODY = YES;
				CLANG_WARN_ENUM_CONVERSION = YES;
				CLANG_WARN_INFINITE_RECURSION = YES;
				CLANG_WARN_INT_CONVERSION = YES;
				CLANG_WARN_NON_LITERAL_NULL_CONVERSION = YES;
				CLANG_WARN_OBJC_IMPLICIT_RETAIN_SELF = YES;
				CLANG_WARN_OBJC_LITERAL_CONVERSION = YES;
				CLANG_WARN_OBJC_ROOT_CLASS = YES_ERROR;
				CLANG_WARN_RANGE_LOOP_ANALYSIS = YES;
				CLANG_WARN_STRICT_PROTOTYPES = YES;
				CLANG_WARN_SUSPICIOUS_MOVE = YES;
				CLANG_WARN_UNGUARDED_AVAILABILITY = YES_AGGRESSIVE;
				CLANG_WARN_UNREACHABLE_CODE = YES;
				CLANG_WARN__DUPLICATE_METHOD_MATCH = YES;
				CODE_SIGN_IDENTITY = "iPhone Developer";
				COPY_PHASE_STRIP = NO;
				DEBUG_INFORMATION_FORMAT = "dwarf-with-dsym";
				ENABLE_NS_ASSERTIONS = NO;
				ENABLE_STRICT_OBJC_MSGSEND = YES;
				GCC_C_LANGUAGE_STANDARD = gnu11;
				GCC_NO_COMMON_BLOCKS = YES;
				GCC_WARN_64_TO_32_BIT_CONVERSION = YES;
				GCC_WARN_ABOUT_RETURN_TYPE = YES_ERROR;
				GCC_WARN_UNDECLARED_SELECTOR = YES;
				GCC_WARN_UNINITIALIZED_AUTOS = YES_AGGRESSIVE;
				GCC_WARN_UNUSED_FUNCTION = YES;
				GCC_WARN_UNUSED_VARIABLE = YES;
				IPHONEOS_DEPLOYMENT_TARGET = 11.4;
				MTL_ENABLE_DEBUG_INFO = NO;
				SDKROOT = iphoneos;
				SWIFT_COMPILATION_MODE = wholemodule;
				SWIFT_OPTIMIZATION_LEVEL = "-O";
				VALIDATE_PRODUCT = YES;
			};
			name = Release;
		};
		0FC3F46F20DD53F900D14EAA /* Debug */ = {
			isa = XCBuildConfiguration;
			baseConfigurationReference = E5B5EB66C9B198C202FF3F89 /* Pods-Demo.debug.xcconfig */;
			buildSettings = {
				ASSETCATALOG_COMPILER_APPICON_NAME = AppIcon;
				CODE_SIGN_STYLE = Automatic;
				DEVELOPMENT_TEAM = HZT822U3RS;
				INFOPLIST_FILE = Demo/Info.plist;
				LD_RUNPATH_SEARCH_PATHS = (
					"$(inherited)",
					"@executable_path/Frameworks",
				);
				PRODUCT_BUNDLE_IDENTIFIER = net.colordeaf.Demo;
				PRODUCT_NAME = "$(TARGET_NAME)";
				SWIFT_VERSION = 4.0;
				TARGETED_DEVICE_FAMILY = "1,2";
			};
			name = Debug;
		};
		0FC3F47020DD53F900D14EAA /* Release */ = {
			isa = XCBuildConfiguration;
			baseConfigurationReference = 3E28F9E349AB7F4B6369174A /* Pods-Demo.release.xcconfig */;
			buildSettings = {
				ASSETCATALOG_COMPILER_APPICON_NAME = AppIcon;
				CODE_SIGN_STYLE = Automatic;
				DEVELOPMENT_TEAM = HZT822U3RS;
				INFOPLIST_FILE = Demo/Info.plist;
				LD_RUNPATH_SEARCH_PATHS = (
					"$(inherited)",
					"@executable_path/Frameworks",
				);
				PRODUCT_BUNDLE_IDENTIFIER = net.colordeaf.Demo;
				PRODUCT_NAME = "$(TARGET_NAME)";
				SWIFT_VERSION = 4.0;
				TARGETED_DEVICE_FAMILY = "1,2";
			};
			name = Release;
		};
		0FC3F47220DD53F900D14EAA /* Debug */ = {
			isa = XCBuildConfiguration;
			buildSettings = {
				ALWAYS_EMBED_SWIFT_STANDARD_LIBRARIES = YES;
				BUNDLE_LOADER = "$(TEST_HOST)";
				CODE_SIGN_STYLE = Automatic;
				DEVELOPMENT_TEAM = HZT822U3RS;
				INFOPLIST_FILE = DemoTests/Info.plist;
				LD_RUNPATH_SEARCH_PATHS = (
					"$(inherited)",
					"@executable_path/Frameworks",
					"@loader_path/Frameworks",
				);
				PRODUCT_BUNDLE_IDENTIFIER = net.colordeaf.DemoTests;
				PRODUCT_NAME = "$(TARGET_NAME)";
				SWIFT_VERSION = 4.0;
				TARGETED_DEVICE_FAMILY = "1,2";
				TEST_HOST = "$(BUILT_PRODUCTS_DIR)/Demo.app/Demo";
			};
			name = Debug;
		};
		0FC3F47320DD53F900D14EAA /* Release */ = {
			isa = XCBuildConfiguration;
			buildSettings = {
				ALWAYS_EMBED_SWIFT_STANDARD_LIBRARIES = YES;
				BUNDLE_LOADER = "$(TEST_HOST)";
				CODE_SIGN_STYLE = Automatic;
				DEVELOPMENT_TEAM = HZT822U3RS;
				INFOPLIST_FILE = DemoTests/Info.plist;
				LD_RUNPATH_SEARCH_PATHS = (
					"$(inherited)",
					"@executable_path/Frameworks",
					"@loader_path/Frameworks",
				);
				PRODUCT_BUNDLE_IDENTIFIER = net.colordeaf.DemoTests;
				PRODUCT_NAME = "$(TARGET_NAME)";
				SWIFT_VERSION = 4.0;
				TARGETED_DEVICE_FAMILY = "1,2";
				TEST_HOST = "$(BUILT_PRODUCTS_DIR)/Demo.app/Demo";
			};
			name = Release;
		};
/* End XCBuildConfiguration section */

/* Begin XCConfigurationList section */
		0FC3F44C20DD53F700D14EAA /* Build configuration list for PBXProject "Demo" */ = {
			isa = XCConfigurationList;
			buildConfigurations = (
				0FC3F46C20DD53F900D14EAA /* Debug */,
				0FC3F46D20DD53F900D14EAA /* Release */,
			);
			defaultConfigurationIsVisible = 0;
			defaultConfigurationName = Release;
		};
		0FC3F46E20DD53F900D14EAA /* Build configuration list for PBXNativeTarget "Demo" */ = {
			isa = XCConfigurationList;
			buildConfigurations = (
				0FC3F46F20DD53F900D14EAA /* Debug */,
				0FC3F47020DD53F900D14EAA /* Release */,
			);
			defaultConfigurationIsVisible = 0;
			defaultConfigurationName = Release;
		};
		0FC3F47120DD53F900D14EAA /* Build configuration list for PBXNativeTarget "DemoTests" */ = {
			isa = XCConfigurationList;
			buildConfigurations = (
				0FC3F47220DD53F900D14EAA /* Debug */,
				0FC3F47320DD53F900D14EAA /* Release */,
			);
			defaultConfigurationIsVisible = 0;
			defaultConfigurationName = Release;
		};
/* End XCConfigurationList section */
	};
	rootObject = 0FC3F44920DD53F700D14EAA /* Project object */;
}
